
Microsoft Visual Studio Solution File, Format Version 12.00
# Visual Studio 15
VisualStudioVersion = 15.0.27004.2008
MinimumVisualStudioVersion = 10.0.40219.1
Project("{FAE04EC0-301F-11D3-BF4B-00C04F79EFBC}") = "Lecture6HomeWork", "Lecture6HomeWork\Lecture6HomeWork.csproj", "{EC1C5447-D507-4AF5-8B39-732CB73C9A2F}"
EndProject
Global
	GlobalSection(SolutionConfigurationPlatforms) = preSolution
		Debug|Any CPU = Debug|Any CPU
		Release|Any CPU = Release|Any CPU
	EndGlobalSection
	GlobalSection(ProjectConfigurationPlatforms) = postSolution
		{EC1C5447-D507-4AF5-8B39-732CB73C9A2F}.Debug|Any CPU.ActiveCfg = Debug|Any CPU
		{EC1C5447-D507-4AF5-8B39-732CB73C9A2F}.Debug|Any CPU.Build.0 = Debug|Any CPU
		{EC1C5447-D507-4AF5-8B39-732CB73C9A2F}.Release|Any CPU.ActiveCfg = Release|Any CPU
		{EC1C5447-D507-4AF5-8B39-732CB73C9A2F}.Release|Any CPU.Build.0 = Release|Any CPU
	EndGlobalSection
	GlobalSection(SolutionProperties) = preSolution
		HideSolutionNode = FALSE
	EndGlobalSection
	GlobalSection(ExtensibilityGlobals) = postSolution
		SolutionGuid = {1A5C23B7-B277-4271-B7D9-62F16C5FC089}
	EndGlobalSection
EndGlobal
